
Microsoft Visual Studio Solution File, Format Version 12.00
# Visual Studio Version 17
VisualStudioVersion = 17.14.37411.7 d17.14
MinimumVisualStudioVersion = 10.0.40219.1
Project("{FAE04EC0-301F-11D3-BF4B-00C04F79EFBC}") = "FirstProjectITI", "FirstProjectITI\FirstProjectITI.csproj", "{379F9D17-D988-4BA9-9F58-20DBE59D46E1}"
EndProject
Global
	GlobalSection(SolutionConfigurationPlatforms) = preSolution
		Debug|Any CPU = Debug|Any CPU
		Release|Any CPU = Release|Any CPU
	EndGlobalSection
	GlobalSection(ProjectConfigurationPlatforms) = postSolution
		{379F9D17-D988-4BA9-9F58-20DBE59D46E1}.Debug|Any CPU.ActiveCfg = Debug|Any CPU
		{379F9D17-D988-4BA9-9F58-20DBE59D46E1}.Debug|Any CPU.Build.0 = Debug|Any CPU
		{379F9D17-D988-4BA9-9F58-20DBE59D46E1}.Release|Any CPU.ActiveCfg = Release|Any CPU
		{379F9D17-D988-4BA9-9F58-20DBE59D46E1}.Release|Any CPU.Build.0 = Release|Any CPU
	EndGlobalSection
	GlobalSection(SolutionProperties) = preSolution
		HideSolutionNode = FALSE
	EndGlobalSection
	GlobalSection(ExtensibilityGlobals) = postSolution
		SolutionGuid = {4D2D1B7B-9A20-475D-A6DF-091D371A9C8B}
	EndGlobalSection
EndGlobal
